{
  "name": "yum-yum-color",
  "version": "1.0.0",
  "lockfileVersion": 1,
  "requires": true,
  "dependencies": {
    "butterfly-radio": {
      "version": "1.0.0",
      "resolved": "https://registry.npmjs.org/butterfly-radio/-/butterfly-radio-1.0.0.tgz",
      "integrity": "sha512-P4M846DLlSSPDl07im/M8R2QjWfuEH24OfptdNdyTr5rvVSd4DkQ1sCo6oGSy/722Hqz3loUsEbLlXE2VcF9yg=="
    }
  }
}
